
Microsoft Visual Studio Solution File, Format Version 12.00
# Visual Studio Version 17
VisualStudioVersion = 17.5.002.0
MinimumVisualStudioVersion = 10.0.40219.1
Project("{9A19103F-16F7-4668-BE54-9A1E7A4F7556}") = "Mangas", "Mangas.csproj", "{D30C7F92-EA8E-4941-9907-31DC2E2B2951}"
EndProject
Global
	GlobalSection(SolutionConfigurationPlatforms) = preSolution
		Debug|Any CPU = Debug|Any CPU
		Release|Any CPU = Release|Any CPU
	EndGlobalSection
	GlobalSection(ProjectConfigurationPlatforms) = postSolution
		{D30C7F92-EA8E-4941-9907-31DC2E2B2951}.Debug|Any CPU.ActiveCfg = Debug|Any CPU
		{D30C7F92-EA8E-4941-9907-31DC2E2B2951}.Debug|Any CPU.Build.0 = Debug|Any CPU
		{D30C7F92-EA8E-4941-9907-31DC2E2B2951}.Release|Any CPU.ActiveCfg = Release|Any CPU
		{D30C7F92-EA8E-4941-9907-31DC2E2B2951}.Release|Any CPU.Build.0 = Release|Any CPU
	EndGlobalSection
	GlobalSection(SolutionProperties) = preSolution
		HideSolutionNode = FALSE
	EndGlobalSection
	GlobalSection(ExtensibilityGlobals) = postSolution
		SolutionGuid = {2C50D518-B485-47CF-B157-81AA0FF582F2}
	EndGlobalSection
EndGlobal
